// !$*UTF8*$!
{
	archiveVersion = 1;
	classes = {
	};
	objectVersion = 50;
	objects = {

/* Begin PBXBuildFile section */
		F339565921A6C67F000B8E71 /* AppDelegate.swift in Sources */ = {isa = PBXBuildFile; fileRef = F339565821A6C67F000B8E71 /* AppDelegate.swift */; };
		F339565B21A6C67F000B8E71 /* ViewController.swift in Sources */ = {isa = PBXBuildFile; fileRef = F339565A21A6C67F000B8E71 /* ViewController.swift */; };
		F339565E21A6C67F000B8E71 /* Main.storyboard in Resources */ = {isa = PBXBuildFile; fileRef = F339565C21A6C67F000B8E71 /* Main.storyboard */; };
		F339566021A6C680000B8E71 /* Assets.xcassets in Resources */ = {isa = PBXBuildFile; fileRef = F339565F21A6C680000B8E71 /* Assets.xcassets */; };
		F339566321A6C680000B8E71 /* LaunchScreen.storyboard in Resources */ = {isa = PBXBuildFile; fileRef = F339566121A6C680000B8E71 /* LaunchScreen.storyboard */; };
		F339566E21A6C680000B8E71 /* STKActionSheetTests.swift in Sources */ = {isa = PBXBuildFile; fileRef = F339566D21A6C680000B8E71 /* STKActionSheetTests.swift */; };
		F339567921A6C6E2000B8E71 /* ActionSheetController.swift in Sources */ = {isa = PBXBuildFile; fileRef = F339567821A6C6E2000B8E71 /* ActionSheetController.swift */; };
		F339567B21A6C72B000B8E71 /* ActionSheetContainerView.swift in Sources */ = {isa = PBXBuildFile; fileRef = F339567A21A6C72B000B8E71 /* ActionSheetContainerView.swift */; };
		F339567D21A6C77F000B8E71 /* ActionSheetPresentationController.swift in Sources */ = {isa = PBXBuildFile; fileRef = F339567C21A6C77F000B8E71 /* ActionSheetPresentationController.swift */; };
/* End PBXBuildFile section */

/* Begin PBXContainerItemProxy section */
		F339566A21A6C680000B8E71 /* PBXContainerItemProxy */ = {
			isa = PBXContainerItemProxy;
			containerPortal = F339564D21A6C67F000B8E71 /* Project object */;
			proxyType = 1;
			remoteGlobalIDString = F339565421A6C67F000B8E71;
			remoteInfo = STKActionSheet;
		};
/* End PBXContainerItemProxy section */

/* Begin PBXFileReference section */
		F339565521A6C67F000B8E71 /* STKActionSheet.app */ = {isa = PBXFileReference; explicitFileType = wrapper.application; includeInIndex = 0; path = STKActionSheet.app; sourceTree = BUILT_PRODUCTS_DIR; };
		F339565821A6C67F000B8E71 /* AppDelegate.swift */ = {isa = PBXFileReference; lastKnownFileType = sourcecode.swift; path = AppDelegate.swift; sourceTree = "<group>"; };
		F339565A21A6C67F000B8E71 /* ViewController.swift */ = {isa = PBXFileReference; lastKnownFileType = sourcecode.swift; path = ViewController.swift; sourceTree = "<group>"; };
		F339565D21A6C67F000B8E71 /* Base */ = {isa = PBXFileReference; lastKnownFileType = file.storyboard; name = Base; path = Base.lproj/Main.storyboard; sourceTree = "<group>"; };
		F339565F21A6C680000B8E71 /* Assets.xcassets */ = {isa = PBXFileReference; lastKnownFileType = folder.assetcatalog; path = Assets.xcassets; sourceTree = "<group>"; };
		F339566221A6C680000B8E71 /* Base */ = {isa = PBXFileReference; lastKnownFileType = file.storyboard; name = Base; path = Base.lproj/LaunchScreen.storyboard; sourceTree = "<group>"; };
		F339566421A6C680000B8E71 /* Info.plist */ = {isa = PBXFileReference; lastKnownFileType = text.plist.xml; path = Info.plist; sourceTree = "<group>"; };
		F339566921A6C680000B8E71 /* STKActionSheetTests.xctest */ = {isa = PBXFileReference; explicitFileType = wrapper.cfbundle; includeInIndex = 0; path = STKActionSheetTests.xctest; sourceTree = BUILT_PRODUCTS_DIR; };
		F339566D21A6C680000B8E71 /* STKActionSheetTests.swift */ = {isa = PBXFileReference; lastKnownFileType = sourcecode.swift; path = STKActionSheetTests.swift; sourceTree = "<group>"; };
		F339566F21A6C680000B8E71 /* Info.plist */ = {isa = PBXFileReference; lastKnownFileType = text.plist.xml; path = Info.plist; sourceTree = "<group>"; };
		F339567821A6C6E2000B8E71 /* ActionSheetController.swift */ = {isa = PBXFileReference; lastKnownFileType = sourcecode.swift; path = ActionSheetController.swift; sourceTree = "<group>"; };
		F339567A21A6C72B000B8E71 /* ActionSheetContainerView.swift */ = {isa = PBXFileReference; lastKnownFileType = sourcecode.swift; path = ActionSheetContainerView.swift; sourceTree = "<group>"; };
		F339567C21A6C77F000B8E71 /* ActionSheetPresentationController.swift */ = {isa = PBXFileReference; lastKnownFileType = sourcecode.swift; path = ActionSheetPresentationController.swift; sourceTree = "<group>"; };
/* End PBXFileReference section */

/* Begin PBXFrameworksBuildPhase section */
		F339565221A6C67F000B8E71 /* Frameworks */ = {
			isa = PBXFrameworksBuildPhase;
			buildActionMask = 2147483647;
			files = (
			);
			runOnlyForDeploymentPostprocessing = 0;
		};
		F339566621A6C680000B8E71 /* Frameworks */ = {
			isa = PBXFrameworksBuildPhase;
			buildActionMask = 2147483647;
			files = (
			);
			runOnlyForDeploymentPostprocessing = 0;
		};
/* End PBXFrameworksBuildPhase section */

/* Begin PBXGroup section */
		F339564C21A6C67F000B8E71 = {
			isa = PBXGroup;
			children = (
				F339565721A6C67F000B8E71 /* STKActionSheet */,
				F339566C21A6C680000B8E71 /* STKActionSheetTests */,
				F339565621A6C67F000B8E71 /* Products */,
			);
			sourceTree = "<group>";
		};
		F339565621A6C67F000B8E71 /* Products */ = {
			isa = PBXGroup;
			children = (
				F339565521A6C67F000B8E71 /* STKActionSheet.app */,
				F339566921A6C680000B8E71 /* STKActionSheetTests.xctest */,
			);
			name = Products;
			sourceTree = "<group>";
		};
		F339565721A6C67F000B8E71 /* STKActionSheet */ = {
			isa = PBXGroup;
			children = (
				F339565821A6C67F000B8E71 /* AppDelegate.swift */,
				F339565A21A6C67F000B8E71 /* ViewController.swift */,
				F339567821A6C6E2000B8E71 /* ActionSheetController.swift */,
				F339567A21A6C72B000B8E71 /* ActionSheetContainerView.swift */,
				F339567C21A6C77F000B8E71 /* ActionSheetPresentationController.swift */,
				F339565C21A6C67F000B8E71 /* Main.storyboard */,
				F339565F21A6C680000B8E71 /* Assets.xcassets */,
				F339566121A6C680000B8E71 /* LaunchScreen.storyboard */,
				F339566421A6C680000B8E71 /* Info.plist */,
			);
			path = STKActionSheet;
			sourceTree = "<group>";
		};
		F339566C21A6C680000B8E71 /* STKActionSheetTests */ = {
			isa = PBXGroup;
			children = (
				F339566D21A6C680000B8E71 /* STKActionSheetTests.swift */,
				F339566F21A6C680000B8E71 /* Info.plist */,
			);
			path = STKActionSheetTests;
			sourceTree = "<group>";
		};
/* End PBXGroup section */

/* Begin PBXNativeTarget section */
		F339565421A6C67F000B8E71 /* STKActionSheet */ = {
			isa = PBXNativeTarget;
			buildConfigurationList = F339567221A6C680000B8E71 /* Build configuration list for PBXNativeTarget "STKActionSheet" */;
			buildPhases = (
				F339565121A6C67F000B8E71 /* Sources */,
				F339565221A6C67F000B8E71 /* Frameworks */,
				F339565321A6C67F000B8E71 /* Resources */,
			);
			buildRules = (
			);
			dependencies = (
			);
			name = STKActionSheet;
			productName = STKActionSheet;
			productReference = F339565521A6C67F000B8E71 /* STKActionSheet.app */;
			productType = "com.apple.product-type.application";
		};
		F339566821A6C680000B8E71 /* STKActionSheetTests */ = {
			isa = PBXNativeTarget;
			buildConfigurationList = F339567521A6C680000B8E71 /* Build configuration list for PBXNativeTarget "STKActionSheetTests" */;
			buildPhases = (
				F339566521A6C680000B8E71 /* Sources */,
				F339566621A6C680000B8E71 /* Frameworks */,
				F339566721A6C680000B8E71 /* Resources */,
			);
			buildRules = (
			);
			dependencies = (
				F339566B21A6C680000B8E71 /* PBXTargetDependency */,
			);
			name = STKActionSheetTests;
			productName = STKActionSheetTests;
			productReference = F339566921A6C680000B8E71 /* STKActionSheetTests.xctest */;
			productType = "com.apple.product-type.bundle.unit-test";
		};
/* End PBXNativeTarget section */

/* Begin PBXProject section */
		F339564D21A6C67F000B8E71 /* Project object */ = {
			isa = PBXProject;
			attributes = {
				LastSwiftUpdateCheck = 1010;
				LastUpgradeCheck = 1010;
				ORGANIZATIONNAME = kei.sato;
				TargetAttributes = {
					F339565421A6C67F000B8E71 = {
						CreatedOnToolsVersion = 10.1;
					};
					F339566821A6C680000B8E71 = {
						CreatedOnToolsVersion = 10.1;
						TestTargetID = F339565421A6C67F000B8E71;
					};
				};
			};
			buildConfigurationList = F339565021A6C67F000B8E71 /* Build configuration list for PBXProject "STKActionSheet" */;
			compatibilityVersion = "Xcode 9.3";
			developmentRegion = en;
			hasScannedForEncodings = 0;
			knownRegions = (
				en,
				Base,
			);
			mainGroup = F339564C21A6C67F000B8E71;
			productRefGroup = F339565621A6C67F000B8E71 /* Products */;
			projectDirPath = "";
			projectRoot = "";
			targets = (
				F339565421A6C67F000B8E71 /* STKActionSheet */,
				F339566821A6C680000B8E71 /* STKActionSheetTests */,
			);
		};
/* End PBXProject section */

/* Begin PBXResourcesBuildPhase section */
		F339565321A6C67F000B8E71 /* Resources */ = {
			isa = PBXResourcesBuildPhase;
			buildActionMask = 2147483647;
			files = (
				F339566321A6C680000B8E71 /* LaunchScreen.storyboard in Resources */,
				F339566021A6C680000B8E71 /* Assets.xcassets in Resources */,
				F339565E21A6C67F000B8E71 /* Main.storyboard in Resources */,
			);
			runOnlyForDeploymentPostprocessing = 0;
		};
		F339566721A6C680000B8E71 /* Resources */ = {
			isa = PBXResourcesBuildPhase;
			buildActionMask = 2147483647;
			files = (
			);
			runOnlyForDeploymentPostprocessing = 0;
		};
/* End PBXResourcesBuildPhase section */

/* Begin PBXSourcesBuildPhase section */
		F339565121A6C67F000B8E71 /* Sources */ = {
			isa = PBXSourcesBuildPhase;
			buildActionMask = 2147483647;
			files = (
				F339565B21A6C67F000B8E71 /* ViewController.swift in Sources */,
				F339565921A6C67F000B8E71 /* AppDelegate.swift in Sources */,
				F339567B21A6C72B000B8E71 /* ActionSheetContainerView.swift in Sources */,
				F339567921A6C6E2000B8E71 /* ActionSheetController.swift in Sources */,
				F339567D21A6C77F000B8E71 /* ActionSheetPresentationController.swift in Sources */,
			);
			runOnlyForDeploymentPostprocessing = 0;
		};
		F339566521A6C680000B8E71 /* Sources */ = {
			isa = PBXSourcesBuildPhase;
			buildActionMask = 2147483647;
			files = (
				F339566E21A6C680000B8E71 /* STKActionSheetTests.swift in Sources */,
			);
			runOnlyForDeploymentPostprocessing = 0;
		};
/* End PBXSourcesBuildPhase section */

/* Begin PBXTargetDependency section */
		F339566B21A6C680000B8E71 /* PBXTargetDependency */ = {
			isa = PBXTargetDependency;
			target = F339565421A6C67F000B8E71 /* STKActionSheet */;
			targetProxy = F339566A21A6C680000B8E71 /* PBXContainerItemProxy */;
		};
/* End PBXTargetDependency section */

/* Begin PBXVariantGroup section */
		F339565C21A6C67F000B8E71 /* Main.storyboard */ = {
			isa = PBXVariantGroup;
			children = (
				F339565D21A6C67F000B8E71 /* Base */,
			);
			name = Main.storyboard;
			sourceTree = "<group>";
		};
		F339566121A6C680000B8E71 /* LaunchScreen.storyboard */ = {
			isa = PBXVariantGroup;
			children = (
				F339566221A6C680000B8E71 /* Base */,
			);
			name = LaunchScreen.storyboard;
			sourceTree = "<group>";
		};
/* End PBXVariantGroup section */

/* Begin XCBuildConfiguration section */
		F339567021A6C680000B8E71 /* Debug */ = {
			isa = XCBuildConfiguration;
			buildSettings = {
				ALWAYS_SEARCH_USER_PATHS = NO;
				CLANG_ANALYZER_NONNULL = YES;
				CLANG_ANALYZER_NUMBER_OBJECT_CONVERSION = YES_AGGRESSIVE;
				CLANG_CXX_LANGUAGE_STANDARD = "gnu++14";
				CLANG_CXX_LIBRARY = "libc++";
				CLANG_ENABLE_MODULES = YES;
				CLANG_ENABLE_OBJC_ARC = YES;
				CLANG_ENABLE_OBJC_WEAK = YES;
				CLANG_WARN_BLOCK_CAPTURE_AUTORELEASING = YES;
				CLANG_WARN_BOOL_CONVERSION = YES;
				CLANG_WARN_COMMA = YES;
				CLANG_WARN_CONSTANT_CONVERSION = YES;
				CLANG_WARN_DEPRECATED_OBJC_IMPLEMENTATIONS = YES;
				CLANG_WARN_DIRECT_OBJC_ISA_USAGE = YES_ERROR;
				CLANG_WARN_DOCUMENTATION_COMMENTS = YES;
				CLANG_WARN_EMPTY_BODY = YES;
				CLANG_WARN_ENUM_CONVERSION = YES;
				CLANG_WARN_INFINITE_RECURSION = YES;
				CLANG_WARN_INT_CONVERSION = YES;
				CLANG_WARN_NON_LITERAL_NULL_CONVERSION = YES;
				CLANG_WARN_OBJC_IMPLICIT_RETAIN_SELF = YES;
				CLANG_WARN_OBJC_LITERAL_CONVERSION = YES;
				CLANG_WARN_OBJC_ROOT_CLASS = YES_ERROR;
				CLANG_WARN_RANGE_LOOP_ANALYSIS = YES;
				CLANG_WARN_STRICT_PROTOTYPES = YES;
				CLANG_WARN_SUSPICIOUS_MOVE = YES;
				CLANG_WARN_UNGUARDED_AVAILABILITY = YES_AGGRESSIVE;
				CLANG_WARN_UNREACHABLE_CODE = YES;
				CLANG_WARN__DUPLICATE_METHOD_MATCH = YES;
				CODE_SIGN_IDENTITY = "iPhone Developer";
				COPY_PHASE_STRIP = NO;
				DEBUG_INFORMATION_FORMAT = dwarf;
				ENABLE_STRICT_OBJC_MSGSEND = YES;
				ENABLE_TESTABILITY = YES;
				GCC_C_LANGUAGE_STANDARD = gnu11;
				GCC_DYNAMIC_NO_PIC = NO;
				GCC_NO_COMMON_BLOCKS = YES;
				GCC_OPTIMIZATION_LEVEL = 0;
				GCC_PREPROCESSOR_DEFINITIONS = (
					"DEBUG=1",
					"$(inherited)",
				);
				GCC_WARN_64_TO_32_BIT_CONVERSION = YES;
				GCC_WARN_ABOUT_RETURN_TYPE = YES_ERROR;
				GCC_WARN_UNDECLARED_SELECTOR = YES;
				GCC_WARN_UNINITIALIZED_AUTOS = YES_AGGRESSIVE;
				GCC_WARN_UNUSED_FUNCTION = YES;
				GCC_WARN_UNUSED_VARIABLE = YES;
				IPHONEOS_DEPLOYMENT_TARGET = 12.1;
				MTL_ENABLE_DEBUG_INFO = INCLUDE_SOURCE;
				MTL_FAST_MATH = YES;
				ONLY_ACTIVE_ARCH = YES;
				SDKROOT = iphoneos;
				SWIFT_ACTIVE_COMPILATION_CONDITIONS = DEBUG;
				SWIFT_OPTIMIZATION_LEVEL = "-Onone";
			};
			name = Debug;
		};
		F339567121A6C680000B8E71 /* Release */ = {
			isa = XCBuildConfiguration;
			buildSettings = {
				ALWAYS_SEARCH_USER_PATHS = NO;
				CLANG_ANALYZER_NONNULL = YES;
				CLANG_ANALYZER_NUMBER_OBJECT_CONVERSION = YES_AGGRESSIVE;
				CLANG_CXX_LANGUAGE_STANDARD = "gnu++14";
				CLANG_CXX_LIBRARY = "libc++";
				CLANG_ENABLE_MODULES = YES;
				CLANG_ENABLE_OBJC_ARC = YES;
				CLANG_ENABLE_OBJC_WEAK = YES;
				CLANG_WARN_BLOCK_CAPTURE_AUTORELEASING = YES;
				CLANG_WARN_BOOL_CONVERSION = YES;
				CLANG_WARN_COMMA = YES;
				CLANG_WARN_CONSTANT_CONVERSION = YES;
				CLANG_WARN_DEPRECATED_OBJC_IMPLEMENTATIONS = YES;
				CLANG_WARN_DIRECT_OBJC_ISA_USAGE = YES_ERROR;
				CLANG_WARN_DOCUMENTATION_COMMENTS = YES;
				CLANG_WARN_EMPTY_BODY = YES;
				CLANG_WARN_ENUM_CONVERSION = YES;
				CLANG_WARN_INFINITE_RECURSION = YES;
				CLANG_WARN_INT_CONVERSION = YES;
				CLANG_WARN_NON_LITERAL_NULL_CONVERSION = YES;
				CLANG_WARN_OBJC_IMPLICIT_RETAIN_SELF = YES;
				CLANG_WARN_OBJC_LITERAL_CONVERSION = YES;
				CLANG_WARN_OBJC_ROOT_CLASS = YES_ERROR;
				CLANG_WARN_RANGE_LOOP_ANALYSIS = YES;
				CLANG_WARN_STRICT_PROTOTYPES = YES;
				CLANG_WARN_SUSPICIOUS_MOVE = YES;
				CLANG_WARN_UNGUARDED_AVAILABILITY = YES_AGGRESSIVE;
				CLANG_WARN_UNREACHABLE_CODE = YES;
				CLANG_WARN__DUPLICATE_METHOD_MATCH = YES;
				CODE_SIGN_IDENTITY = "iPhone Developer";
				COPY_PHASE_STRIP = NO;
				DEBUG_INFORMATION_FORMAT = "dwarf-with-dsym";
				ENABLE_NS_ASSERTIONS = NO;
				ENABLE_STRICT_OBJC_MSGSEND = YES;
				GCC_C_LANGUAGE_STANDARD = gnu11;
				GCC_NO_COMMON_BLOCKS = YES;
				GCC_WARN_64_TO_32_BIT_CONVERSION = YES;
				GCC_WARN_ABOUT_RETURN_TYPE = YES_ERROR;
				GCC_WARN_UNDECLARED_SELECTOR = YES;
				GCC_WARN_UNINITIALIZED_AUTOS = YES_AGGRESSIVE;
				GCC_WARN_UNUSED_FUNCTION = YES;
				GCC_WARN_UNUSED_VARIABLE = YES;
				IPHONEOS_DEPLOYMENT_TARGET = 12.1;
				MTL_ENABLE_DEBUG_INFO = NO;
				MTL_FAST_MATH = YES;
				SDKROOT = iphoneos;
				SWIFT_COMPILATION_MODE = wholemodule;
				SWIFT_OPTIMIZATION_LEVEL = "-O";
				VALIDATE_PRODUCT = YES;
			};
			name = Release;
		};
		F339567321A6C680000B8E71 /* Debug */ = {
			isa = XCBuildConfiguration;
			buildSettings = {
				ASSETCATALOG_COMPILER_APPICON_NAME = AppIcon;
				CODE_SIGN_STYLE = Automatic;
				DEVELOPMENT_TEAM = A5U29U3D2K;
				INFOPLIST_FILE = STKActionSheet/Info.plist;
				IPHONEOS_DEPLOYMENT_TARGET = 9.3;
				LD_RUNPATH_SEARCH_PATHS = (
					"$(inherited)",
					"@executable_path/Frameworks",
				);
				PRODUCT_BUNDLE_IDENTIFIER = kei.sato.STKActionSheet;
				PRODUCT_NAME = "$(TARGET_NAME)";
				SWIFT_VERSION = 4.2;
				TARGETED_DEVICE_FAMILY = "1,2";
			};
			name = Debug;
		};
		F339567421A6C680000B8E71 /* Release */ = {
			isa = XCBuildConfiguration;
			buildSettings = {
				ASSETCATALOG_COMPILER_APPICON_NAME = AppIcon;
				CODE_SIGN_STYLE = Automatic;
				DEVELOPMENT_TEAM = A5U29U3D2K;
				INFOPLIST_FILE = STKActionSheet/Info.plist;
				IPHONEOS_DEPLOYMENT_TARGET = 9.3;
				LD_RUNPATH_SEARCH_PATHS = (
					"$(inherited)",
					"@executable_path/Frameworks",
				);
				PRODUCT_BUNDLE_IDENTIFIER = kei.sato.STKActionSheet;
				PRODUCT_NAME = "$(TARGET_NAME)";
				SWIFT_VERSION = 4.2;
				TARGETED_DEVICE_FAMILY = "1,2";
			};
			name = Release;
		};
		F339567621A6C680000B8E71 /* Debug */ = {
			isa = XCBuildConfiguration;
			buildSettings = {
				ALWAYS_EMBED_SWIFT_STANDARD_LIBRARIES = YES;
				BUNDLE_LOADER = "$(TEST_HOST)";
				CODE_SIGN_STYLE = Automatic;
				DEVELOPMENT_TEAM = A5U29U3D2K;
				INFOPLIST_FILE = STKActionSheetTests/Info.plist;
				LD_RUNPATH_SEARCH_PATHS = (
					"$(inherited)",
					"@executable_path/Frameworks",
					"@loader_path/Frameworks",
				);
				PRODUCT_BUNDLE_IDENTIFIER = kei.sato.STKActionSheetTests;
				PRODUCT_NAME = "$(TARGET_NAME)";
				SWIFT_VERSION = 4.2;
				TARGETED_DEVICE_FAMILY = "1,2";
				TEST_HOST = "$(BUILT_PRODUCTS_DIR)/STKActionSheet.app/STKActionSheet";
			};
			name = Debug;
		};
		F339567721A6C680000B8E71 /* Release */ = {
			isa = XCBuildConfiguration;
			buildSettings = {
				ALWAYS_EMBED_SWIFT_STANDARD_LIBRARIES = YES;
				BUNDLE_LOADER = "$(TEST_HOST)";
				CODE_SIGN_STYLE = Automatic;
				DEVELOPMENT_TEAM = A5U29U3D2K;
				INFOPLIST_FILE = STKActionSheetTests/Info.plist;
				LD_RUNPATH_SEARCH_PATHS = (
					"$(inherited)",
					"@executable_path/Frameworks",
					"@loader_path/Frameworks",
				);
				PRODUCT_BUNDLE_IDENTIFIER = kei.sato.STKActionSheetTests;
				PRODUCT_NAME = "$(TARGET_NAME)";
				SWIFT_VERSION = 4.2;
				TARGETED_DEVICE_FAMILY = "1,2";
				TEST_HOST = "$(BUILT_PRODUCTS_DIR)/STKActionSheet.app/STKActionSheet";
			};
			name = Release;
		};
/* End XCBuildConfiguration section */

/* Begin XCConfigurationList section */
		F339565021A6C67F000B8E71 /* Build configuration list for PBXProject "STKActionSheet" */ = {
			isa = XCConfigurationList;
			buildConfigurations = (
				F339567021A6C680000B8E71 /* Debug */,
				F339567121A6C680000B8E71 /* Release */,
			);
			defaultConfigurationIsVisible = 0;
			defaultConfigurationName = Release;
		};
		F339567221A6C680000B8E71 /* Build configuration list for PBXNativeTarget "STKActionSheet" */ = {
			isa = XCConfigurationList;
			buildConfigurations = (
				F339567321A6C680000B8E71 /* Debug */,
				F339567421A6C680000B8E71 /* Release */,
			);
			defaultConfigurationIsVisible = 0;
			defaultConfigurationName = Release;
		};
		F339567521A6C680000B8E71 /* Build configuration list for PBXNativeTarget "STKActionSheetTests" */ = {
			isa = XCConfigurationList;
			buildConfigurations = (
				F339567621A6C680000B8E71 /* Debug */,
				F339567721A6C680000B8E71 /* Release */,
			);
			defaultConfigurationIsVisible = 0;
			defaultConfigurationName = Release;
		};
/* End XCConfigurationList section */
	};
	rootObject = F339564D21A6C67F000B8E71 /* Project object */;
}
